// !$*UTF8*$!
{
	archiveVersion = 1;
	classes = {
	};
	objectVersion = 77;
	objects = {

/* Begin PBXContainerItemProxy section */
		271378012E52C7CA0048DEC7 /* PBXContainerItemProxy */ = {
			isa = PBXContainerItemProxy;
			containerPortal = 271377E52E52C7C80048DEC7 /* Project object */;
			proxyType = 1;
			remoteGlobalIDString = 271377EC2E52C7C80048DEC7;
			remoteInfo = BitMatch;
		};
		2713780B2E52C7CA0048DEC7 /* PBXContainerItemProxy */ = {
			isa = PBXContainerItemProxy;
			containerPortal = 271377E52E52C7C80048DEC7 /* Project object */;
			proxyType = 1;
			remoteGlobalIDString = 271377EC2E52C7C80048DEC7;
			remoteInfo = BitMatch;
		};
		27E11E6C2E6159A000BA16F6 /* PBXContainerItemProxy */ = {
			isa = PBXContainerItemProxy;
			containerPortal = 271377E52E52C7C80048DEC7 /* Project object */;
			proxyType = 1;
			remoteGlobalIDString = 27E11E592E61599E00BA16F6;
			remoteInfo = "BitMatch-iPad";
		};
		27E11E762E6159A000BA16F6 /* PBXContainerItemProxy */ = {
			isa = PBXContainerItemProxy;
			containerPortal = 271377E52E52C7C80048DEC7 /* Project object */;
			proxyType = 1;
			remoteGlobalIDString = 27E11E592E61599E00BA16F6;
			remoteInfo = "BitMatch-iPad";
		};
/* End PBXContainerItemProxy section */

/* Begin PBXFileReference section */
		271377ED2E52C7C80048DEC7 /* BitMatch.app */ = {isa = PBXFileReference; explicitFileType = wrapper.application; includeInIndex = 0; path = BitMatch.app; sourceTree = BUILT_PRODUCTS_DIR; };
		271378002E52C7CA0048DEC7 /* BitMatchTests.xctest */ = {isa = PBXFileReference; explicitFileType = wrapper.cfbundle; includeInIndex = 0; path = BitMatchTests.xctest; sourceTree = BUILT_PRODUCTS_DIR; };
		2713780A2E52C7CA0048DEC7 /* BitMatchUITests.xctest */ = {isa = PBXFileReference; explicitFileType = wrapper.cfbundle; includeInIndex = 0; path = BitMatchUITests.xctest; sourceTree = BUILT_PRODUCTS_DIR; };
		27E11E5A2E61599E00BA16F6 /* BitMatch-iPad.app */ = {isa = PBXFileReference; explicitFileType = wrapper.application; includeInIndex = 0; path = "BitMatch-iPad.app"; sourceTree = BUILT_PRODUCTS_DIR; };
		27E11E6B2E6159A000BA16F6 /* BitMatch-iPadTests.xctest */ = {isa = PBXFileReference; explicitFileType = wrapper.cfbundle; includeInIndex = 0; path = "BitMatch-iPadTests.xctest"; sourceTree = BUILT_PRODUCTS_DIR; };
		27E11E752E6159A000BA16F6 /* BitMatch-iPadUITests.xctest */ = {isa = PBXFileReference; explicitFileType = wrapper.cfbundle; includeInIndex = 0; path = "BitMatch-iPadUITests.xctest"; sourceTree = BUILT_PRODUCTS_DIR; };
/* End PBXFileReference section */

/* Begin PBXFileSystemSynchronizedBuildFileExceptionSet section */
		275B23AE2E6DCFEE00D1302A /* Exceptions for "Platforms" folder in "BitMatch" target */ = {
			isa = PBXFileSystemSynchronizedBuildFileExceptionSet;
			membershipExceptions = (
				macOS/Services/MacOSPlatformManager.swift,
			);
			target = 271377EC2E52C7C80048DEC7 /* BitMatch */;
		};
		27E11EA32E615C1B00BA16F6 /* Exceptions for "BitMatch" folder in "BitMatch-iPad" target */ = {
			isa = PBXFileSystemSynchronizedBuildFileExceptionSet;
			membershipExceptions = (
				BitMatch.xcdatamodeld,
			);
			target = 27E11E592E61599E00BA16F6 /* BitMatch-iPad */;
		};
/* End PBXFileSystemSynchronizedBuildFileExceptionSet section */

/* Begin PBXFileSystemSynchronizedRootGroup section */
		271377EF2E52C7C80048DEC7 /* BitMatch */ = {
			isa = PBXFileSystemSynchronizedRootGroup;
			exceptions = (
				27E11EA32E615C1B00BA16F6 /* Exceptions for "BitMatch" folder in "BitMatch-iPad" target */,
			);
			path = BitMatch;
			sourceTree = "<group>";
		};
		271378032E52C7CA0048DEC7 /* BitMatchTests */ = {
			isa = PBXFileSystemSynchronizedRootGroup;
			path = BitMatchTests;
			sourceTree = "<group>";
		};
		2713780D2E52C7CA0048DEC7 /* BitMatchUITests */ = {
			isa = PBXFileSystemSynchronizedRootGroup;
			path = BitMatchUITests;
			sourceTree = "<group>";
		};
		27E11E5B2E61599E00BA16F6 /* BitMatch-iPad */ = {
			isa = PBXFileSystemSynchronizedRootGroup;
			path = "BitMatch-iPad";
			sourceTree = "<group>";
		};
		27E11E6E2E6159A000BA16F6 /* BitMatch-iPadTests */ = {
			isa = PBXFileSystemSynchronizedRootGroup;
			path = "BitMatch-iPadTests";
			sourceTree = "<group>";
		};
		27E11E782E6159A000BA16F6 /* BitMatch-iPadUITests */ = {
			isa = PBXFileSystemSynchronizedRootGroup;
			path = "BitMatch-iPadUITests";
			sourceTree = "<group>";
		};
		27F00A012E6200A000BA16F6 /* Shared */ = {
			isa = PBXFileSystemSynchronizedRootGroup;
			path = Shared;
			sourceTree = "<group>";
		};
		27F00A022E6200A000BA16F6 /* Platforms */ = {
			isa = PBXFileSystemSynchronizedRootGroup;
			exceptions = (
				275B23AE2E6DCFEE00D1302A /* Exceptions for "Platforms" folder in "BitMatch" target */,
			);
			path = Platforms;
			sourceTree = "<group>";
		};
/* End PBXFileSystemSynchronizedRootGroup section */

/* Begin PBXFrameworksBuildPhase section */
		271377EA2E52C7C80048DEC7 /* Frameworks */ = {
			isa = PBXFrameworksBuildPhase;
			buildActionMask = 2147483647;
			files = (
			);
			runOnlyForDeploymentPostprocessing = 0;
		};
		271377FD2E52C7CA0048DEC7 /* Frameworks */ = {
			isa = PBXFrameworksBuildPhase;
			buildActionMask = 2147483647;
			files = (
			);
			runOnlyForDeploymentPostprocessing = 0;
		};
		271378072E52C7CA0048DEC7 /* Frameworks */ = {
			isa = PBXFrameworksBuildPhase;
			buildActionMask = 2147483647;
			files = (
			);
			runOnlyForDeploymentPostprocessing = 0;
		};
		27E11E572E61599E00BA16F6 /* Frameworks */ = {
			isa = PBXFrameworksBuildPhase;
			buildActionMask = 2147483647;
			files = (
			);
			runOnlyForDeploymentPostprocessing = 0;
		};
		27E11E682E6159A000BA16F6 /* Frameworks */ = {
			isa = PBXFrameworksBuildPhase;
			buildActionMask = 2147483647;
			files = (
			);
			runOnlyForDeploymentPostprocessing = 0;
		};
		27E11E722E6159A000BA16F6 /* Frameworks */ = {
			isa = PBXFrameworksBuildPhase;
			buildActionMask = 2147483647;
			files = (
			);
			runOnlyForDeploymentPostprocessing = 0;
		};
/* End PBXFrameworksBuildPhase section */

/* Begin PBXGroup section */
		271377E42E52C7C80048DEC7 = {
			isa = PBXGroup;
			children = (
				271377EF2E52C7C80048DEC7 /* BitMatch */,
				27F00A012E6200A000BA16F6 /* Shared */,
				27F00A022E6200A000BA16F6 /* Platforms */,
				271378032E52C7CA0048DEC7 /* BitMatchTests */,
				2713780D2E52C7CA0048DEC7 /* BitMatchUITests */,
				27E11E5B2E61599E00BA16F6 /* BitMatch-iPad */,
				27E11E6E2E6159A000BA16F6 /* BitMatch-iPadTests */,
				27E11E782E6159A000BA16F6 /* BitMatch-iPadUITests */,
				271377EE2E52C7C80048DEC7 /* Products */,
			);
			sourceTree = "<group>";
		};
		271377EE2E52C7C80048DEC7 /* Products */ = {
			isa = PBXGroup;
			children = (
				271377ED2E52C7C80048DEC7 /* BitMatch.app */,
				271378002E52C7CA0048DEC7 /* BitMatchTests.xctest */,
				2713780A2E52C7CA0048DEC7 /* BitMatchUITests.xctest */,
				27E11E5A2E61599E00BA16F6 /* BitMatch-iPad.app */,
				27E11E6B2E6159A000BA16F6 /* BitMatch-iPadTests.xctest */,
				27E11E752E6159A000BA16F6 /* BitMatch-iPadUITests.xctest */,
			);
			name = Products;
			sourceTree = "<group>";
		};
/* End PBXGroup section */

/* Begin PBXNativeTarget section */
		271377EC2E52C7C80048DEC7 /* BitMatch */ = {
			isa = PBXNativeTarget;
			buildConfigurationList = 271378142E52C7CA0048DEC7 /* Build configuration list for PBXNativeTarget "BitMatch" */;
			buildPhases = (
				271377E92E52C7C80048DEC7 /* Sources */,
				271377EA2E52C7C80048DEC7 /* Frameworks */,
				271377EB2E52C7C80048DEC7 /* Resources */,
			);
			buildRules = (
			);
			dependencies = (
			);
			fileSystemSynchronizedGroups = (
				271377EF2E52C7C80048DEC7 /* BitMatch */,
				27F00A012E6200A000BA16F6 /* Shared */,
			);
			name = BitMatch;
			packageProductDependencies = (
			);
			productName = BitMatch;
			productReference = 271377ED2E52C7C80048DEC7 /* BitMatch.app */;
			productType = "com.apple.product-type.application";
		};
		271377FF2E52C7CA0048DEC7 /* BitMatchTests */ = {
			isa = PBXNativeTarget;
			buildConfigurationList = 271378172E52C7CA0048DEC7 /* Build configuration list for PBXNativeTarget "BitMatchTests" */;
			buildPhases = (
				271377FC2E52C7CA0048DEC7 /* Sources */,
				271377FD2E52C7CA0048DEC7 /* Frameworks */,
				271377FE2E52C7CA0048DEC7 /* Resources */,
			);
			buildRules = (
			);
			dependencies = (
				271378022E52C7CA0048DEC7 /* PBXTargetDependency */,
			);
			fileSystemSynchronizedGroups = (
				271378032E52C7CA0048DEC7 /* BitMatchTests */,
			);
			name = BitMatchTests;
			packageProductDependencies = (
			);
			productName = BitMatchTests;
			productReference = 271378002E52C7CA0048DEC7 /* BitMatchTests.xctest */;
			productType = "com.apple.product-type.bundle.unit-test";
		};
		271378092E52C7CA0048DEC7 /* BitMatchUITests */ = {
			isa = PBXNativeTarget;
			buildConfigurationList = 2713781A2E52C7CA0048DEC7 /* Build configuration list for PBXNativeTarget "BitMatchUITests" */;
			buildPhases = (
				271378062E52C7CA0048DEC7 /* Sources */,
				271378072E52C7CA0048DEC7 /* Frameworks */,
				271378082E52C7CA0048DEC7 /* Resources */,
			);
			buildRules = (
			);
			dependencies = (
				2713780C2E52C7CA0048DEC7 /* PBXTargetDependency */,
			);
			fileSystemSynchronizedGroups = (
				2713780D2E52C7CA0048DEC7 /* BitMatchUITests */,
			);
			name = BitMatchUITests;
			packageProductDependencies = (
			);
			productName = BitMatchUITests;
			productReference = 2713780A2E52C7CA0048DEC7 /* BitMatchUITests.xctest */;
			productType = "com.apple.product-type.bundle.ui-testing";
		};
		27E11E592E61599E00BA16F6 /* BitMatch-iPad */ = {
			isa = PBXNativeTarget;
			buildConfigurationList = 27E11E7D2E6159A000BA16F6 /* Build configuration list for PBXNativeTarget "BitMatch-iPad" */;
			buildPhases = (
				27E11E562E61599E00BA16F6 /* Sources */,
				27E11E572E61599E00BA16F6 /* Frameworks */,
				27E11E582E61599E00BA16F6 /* Resources */,
			);
			buildRules = (
			);
			dependencies = (
			);
			fileSystemSynchronizedGroups = (
				27E11E5B2E61599E00BA16F6 /* BitMatch-iPad */,
				27F00A012E6200A000BA16F6 /* Shared */,
				27F00A022E6200A000BA16F6 /* Platforms */,
			);
			name = "BitMatch-iPad";
			packageProductDependencies = (
			);
			productName = "BitMatch-iPad";
			productReference = 27E11E5A2E61599E00BA16F6 /* BitMatch-iPad.app */;
			productType = "com.apple.product-type.application";
		};
		27E11E6A2E6159A000BA16F6 /* BitMatch-iPadTests */ = {
			isa = PBXNativeTarget;
			buildConfigurationList = 27E11E802E6159A000BA16F6 /* Build configuration list for PBXNativeTarget "BitMatch-iPadTests" */;
			buildPhases = (
				27E11E672E6159A000BA16F6 /* Sources */,
				27E11E682E6159A000BA16F6 /* Frameworks */,
				27E11E692E6159A000BA16F6 /* Resources */,
			);
			buildRules = (
			);
			dependencies = (
				27E11E6D2E6159A000BA16F6 /* PBXTargetDependency */,
			);
			fileSystemSynchronizedGroups = (
				27E11E6E2E6159A000BA16F6 /* BitMatch-iPadTests */,
			);
			name = "BitMatch-iPadTests";
			packageProductDependencies = (
			);
			productName = "BitMatch-iPadTests";
			productReference = 27E11E6B2E6159A000BA16F6 /* BitMatch-iPadTests.xctest */;
			productType = "com.apple.product-type.bundle.unit-test";
		};
		27E11E742E6159A000BA16F6 /* BitMatch-iPadUITests */ = {
			isa = PBXNativeTarget;
			buildConfigurationList = 27E11E832E6159A000BA16F6 /* Build configuration list for PBXNativeTarget "BitMatch-iPadUITests" */;
			buildPhases = (
				27E11E712E6159A000BA16F6 /* Sources */,
				27E11E722E6159A000BA16F6 /* Frameworks */,
				27E11E732E6159A000BA16F6 /* Resources */,
			);
			buildRules = (
			);
			dependencies = (
				27E11E772E6159A000BA16F6 /* PBXTargetDependency */,
			);
			fileSystemSynchronizedGroups = (
				27E11E782E6159A000BA16F6 /* BitMatch-iPadUITests */,
			);
			name = "BitMatch-iPadUITests";
			packageProductDependencies = (
			);
			productName = "BitMatch-iPadUITests";
			productReference = 27E11E752E6159A000BA16F6 /* BitMatch-iPadUITests.xctest */;
			productType = "com.apple.product-type.bundle.ui-testing";
		};
/* End PBXNativeTarget section */

/* Begin PBXProject section */
		271377E52E52C7C80048DEC7 /* Project object */ = {
			isa = PBXProject;
			attributes = {
				BuildIndependentTargetsInParallel = 1;
				LastSwiftUpdateCheck = 1640;
				LastUpgradeCheck = 1640;
				TargetAttributes = {
					271377EC2E52C7C80048DEC7 = {
						CreatedOnToolsVersion = 16.4;
					};
					271377FF2E52C7CA0048DEC7 = {
						CreatedOnToolsVersion = 16.4;
						TestTargetID = 271377EC2E52C7C80048DEC7;
					};
					271378092E52C7CA0048DEC7 = {
						CreatedOnToolsVersion = 16.4;
						TestTargetID = 271377EC2E52C7C80048DEC7;
					};
					27E11E592E61599E00BA16F6 = {
						CreatedOnToolsVersion = 16.4;
					};
					27E11E6A2E6159A000BA16F6 = {
						CreatedOnToolsVersion = 16.4;
						TestTargetID = 27E11E592E61599E00BA16F6;
					};
					27E11E742E6159A000BA16F6 = {
						CreatedOnToolsVersion = 16.4;
						TestTargetID = 27E11E592E61599E00BA16F6;
					};
				};
			};
			buildConfigurationList = 271377E82E52C7C80048DEC7 /* Build configuration list for PBXProject "BitMatch" */;
			developmentRegion = en;
			hasScannedForEncodings = 0;
			knownRegions = (
				en,
				Base,
			);
			mainGroup = 271377E42E52C7C80048DEC7;
			minimizedProjectReferenceProxies = 1;
			preferredProjectObjectVersion = 77;
			productRefGroup = 271377EE2E52C7C80048DEC7 /* Products */;
			projectDirPath = "";
			projectRoot = "";
			targets = (
				271377EC2E52C7C80048DEC7 /* BitMatch */,
				271377FF2E52C7CA0048DEC7 /* BitMatchTests */,
				271378092E52C7CA0048DEC7 /* BitMatchUITests */,
				27E11E592E61599E00BA16F6 /* BitMatch-iPad */,
				27E11E6A2E6159A000BA16F6 /* BitMatch-iPadTests */,
				27E11E742E6159A000BA16F6 /* BitMatch-iPadUITests */,
			);
		};
/* End PBXProject section */

/* Begin PBXResourcesBuildPhase section */
		271377EB2E52C7C80048DEC7 /* Resources */ = {
			isa = PBXResourcesBuildPhase;
			buildActionMask = 2147483647;
			files = (
			);
			runOnlyForDeploymentPostprocessing = 0;
		};
		271377FE2E52C7CA0048DEC7 /* Resources */ = {
			isa = PBXResourcesBuildPhase;
			buildActionMask = 2147483647;
			files = (
			);
			runOnlyForDeploymentPostprocessing = 0;
		};
		271378082E52C7CA0048DEC7 /* Resources */ = {
			isa = PBXResourcesBuildPhase;
			buildActionMask = 2147483647;
			files = (
			);
			runOnlyForDeploymentPostprocessing = 0;
		};
		27E11E582E61599E00BA16F6 /* Resources */ = {
			isa = PBXResourcesBuildPhase;
			buildActionMask = 2147483647;
			files = (
			);
			runOnlyForDeploymentPostprocessing = 0;
		};
		27E11E692E6159A000BA16F6 /* Resources */ = {
			isa = PBXResourcesBuildPhase;
			buildActionMask = 2147483647;
			files = (
			);
			runOnlyForDeploymentPostprocessing = 0;
		};
		27E11E732E6159A000BA16F6 /* Resources */ = {
			isa = PBXResourcesBuildPhase;
			buildActionMask = 2147483647;
			files = (
			);
			runOnlyForDeploymentPostprocessing = 0;
		};
/* End PBXResourcesBuildPhase section */

/* Begin PBXSourcesBuildPhase section */
		271377E92E52C7C80048DEC7 /* Sources */ = {
			isa = PBXSourcesBuildPhase;
			buildActionMask = 2147483647;
			files = (
			);
			runOnlyForDeploymentPostprocessing = 0;
		};
		271377FC2E52C7CA0048DEC7 /* Sources */ = {
			isa = PBXSourcesBuildPhase;
			buildActionMask = 2147483647;
			files = (
			);
			runOnlyForDeploymentPostprocessing = 0;
		};
		271378062E52C7CA0048DEC7 /* Sources */ = {
			isa = PBXSourcesBuildPhase;
			buildActionMask = 2147483647;
			files = (
			);
			runOnlyForDeploymentPostprocessing = 0;
		};
		27E11E562E61599E00BA16F6 /* Sources */ = {
			isa = PBXSourcesBuildPhase;
			buildActionMask = 2147483647;
			files = (
			);
			runOnlyForDeploymentPostprocessing = 0;
		};
		27E11E672E6159A000BA16F6 /* Sources */ = {
			isa = PBXSourcesBuildPhase;
			buildActionMask = 2147483647;
			files = (
			);
			runOnlyForDeploymentPostprocessing = 0;
		};
		27E11E712E6159A000BA16F6 /* Sources */ = {
			isa = PBXSourcesBuildPhase;
			buildActionMask = 2147483647;
			files = (
			);
			runOnlyForDeploymentPostprocessing = 0;
		};
/* End PBXSourcesBuildPhase section */

/* Begin PBXTargetDependency section */
		271378022E52C7CA0048DEC7 /* PBXTargetDependency */ = {
			isa = PBXTargetDependency;
			target = 271377EC2E52C7C80048DEC7 /* BitMatch */;
			targetProxy = 271378012E52C7CA0048DEC7 /* PBXContainerItemProxy */;
		};
		2713780C2E52C7CA0048DEC7 /* PBXTargetDependency */ = {
			isa = PBXTargetDependency;
			target = 271377EC2E52C7C80048DEC7 /* BitMatch */;
			targetProxy = 2713780B2E52C7CA0048DEC7 /* PBXContainerItemProxy */;
		};
		27E11E6D2E6159A000BA16F6 /* PBXTargetDependency */ = {
			isa = PBXTargetDependency;
			target = 27E11E592E61599E00BA16F6 /* BitMatch-iPad */;
			targetProxy = 27E11E6C2E6159A000BA16F6 /* PBXContainerItemProxy */;
		};
		27E11E772E6159A000BA16F6 /* PBXTargetDependency */ = {
			isa = PBXTargetDependency;
			target = 27E11E592E61599E00BA16F6 /* BitMatch-iPad */;
			targetProxy = 27E11E762E6159A000BA16F6 /* PBXContainerItemProxy */;
		};
/* End PBXTargetDependency section */

/* Begin XCBuildConfiguration section */
		271378122E52C7CA0048DEC7 /* Debug */ = {
			isa = XCBuildConfiguration;
			buildSettings = {
				ALWAYS_SEARCH_USER_PATHS = NO;
				ASSETCATALOG_COMPILER_GENERATE_SWIFT_ASSET_SYMBOL_EXTENSIONS = YES;
				CLANG_ANALYZER_NONNULL = YES;
				CLANG_ANALYZER_NUMBER_OBJECT_CONVERSION = YES_AGGRESSIVE;
				CLANG_CXX_LANGUAGE_STANDARD = "gnu++20";
				CLANG_ENABLE_MODULES = YES;
				CLANG_ENABLE_OBJC_ARC = YES;
				CLANG_ENABLE_OBJC_WEAK = YES;
				CLANG_WARN_BLOCK_CAPTURE_AUTORELEASING = YES;
				CLANG_WARN_BOOL_CONVERSION = YES;
				CLANG_WARN_COMMA = YES;
				CLANG_WARN_CONSTANT_CONVERSION = YES;
				CLANG_WARN_DEPRECATED_OBJC_IMPLEMENTATIONS = YES;
				CLANG_WARN_DIRECT_OBJC_ISA_USAGE = YES_ERROR;
				CLANG_WARN_DOCUMENTATION_COMMENTS = YES;
				CLANG_WARN_EMPTY_BODY = YES;
				CLANG_WARN_ENUM_CONVERSION = YES;
				CLANG_WARN_INFINITE_RECURSION = YES;
				CLANG_WARN_INT_CONVERSION = YES;
				CLANG_WARN_NON_LITERAL_NULL_CONVERSION = YES;
				CLANG_WARN_OBJC_IMPLICIT_RETAIN_SELF = YES;
				CLANG_WARN_OBJC_LITERAL_CONVERSION = YES;
				CLANG_WARN_OBJC_ROOT_CLASS = YES_ERROR;
				CLANG_WARN_QUOTED_INCLUDE_IN_FRAMEWORK_HEADER = YES;
				CLANG_WARN_RANGE_LOOP_ANALYSIS = YES;
				CLANG_WARN_STRICT_PROTOTYPES = YES;
				CLANG_WARN_SUSPICIOUS_MOVE = YES;
				CLANG_WARN_UNGUARDED_AVAILABILITY = YES_AGGRESSIVE;
				CLANG_WARN_UNREACHABLE_CODE = YES;
				CLANG_WARN__DUPLICATE_METHOD_MATCH = YES;
				COPY_PHASE_STRIP = NO;
				DEBUG_INFORMATION_FORMAT = dwarf;
				DEVELOPMENT_TEAM = "$(DEVELOPMENT_TEAM)";
				ENABLE_STRICT_OBJC_MSGSEND = YES;
				ENABLE_TESTABILITY = YES;
				ENABLE_USER_SCRIPT_SANDBOXING = YES;
				GCC_C_LANGUAGE_STANDARD = gnu17;
				GCC_DYNAMIC_NO_PIC = NO;
				GCC_NO_COMMON_BLOCKS = YES;
				GCC_OPTIMIZATION_LEVEL = 0;
				GCC_PREPROCESSOR_DEFINITIONS = (
					"DEBUG=1",
					"$(inherited)",
				);
				GCC_WARN_64_TO_32_BIT_CONVERSION = YES;
				GCC_WARN_ABOUT_RETURN_TYPE = YES_ERROR;
				GCC_WARN_UNDECLARED_SELECTOR = YES;
				GCC_WARN_UNINITIALIZED_AUTOS = YES_AGGRESSIVE;
				GCC_WARN_UNUSED_FUNCTION = YES;
				GCC_WARN_UNUSED_VARIABLE = YES;
				LOCALIZATION_PREFERS_STRING_CATALOGS = YES;
				MACOSX_DEPLOYMENT_TARGET = 15.5;
				MTL_ENABLE_DEBUG_INFO = INCLUDE_SOURCE;
				ONLY_ACTIVE_ARCH = YES;
				SDKROOT = macosx;
				SWIFT_ACTIVE_COMPILATION_CONDITIONS = "DEBUG $(inherited)";
				SWIFT_OPTIMIZATION_LEVEL = "-Onone";
			};
			name = Debug;
		};
		271378132E52C7CA0048DEC7 /* Release */ = {
			isa = XCBuildConfiguration;
			buildSettings = {
				ALWAYS_SEARCH_USER_PATHS = NO;
				ASSETCATALOG_COMPILER_GENERATE_SWIFT_ASSET_SYMBOL_EXTENSIONS = YES;
				CLANG_ANALYZER_NONNULL = YES;
				CLANG_ANALYZER_NUMBER_OBJECT_CONVERSION = YES_AGGRESSIVE;
				CLANG_CXX_LANGUAGE_STANDARD = "gnu++20";
				CLANG_ENABLE_MODULES = YES;
				CLANG_ENABLE_OBJC_ARC = YES;
				CLANG_ENABLE_OBJC_WEAK = YES;
				CLANG_WARN_BLOCK_CAPTURE_AUTORELEASING = YES;
				CLANG_WARN_BOOL_CONVERSION = YES;
				CLANG_WARN_COMMA = YES;
				CLANG_WARN_CONSTANT_CONVERSION = YES;
				CLANG_WARN_DEPRECATED_OBJC_IMPLEMENTATIONS = YES;
				CLANG_WARN_DIRECT_OBJC_ISA_USAGE = YES_ERROR;
				CLANG_WARN_DOCUMENTATION_COMMENTS = YES;
				CLANG_WARN_EMPTY_BODY = YES;
				CLANG_WARN_ENUM_CONVERSION = YES;
				CLANG_WARN_INFINITE_RECURSION = YES;
				CLANG_WARN_INT_CONVERSION = YES;
				CLANG_WARN_NON_LITERAL_NULL_CONVERSION = YES;
				CLANG_WARN_OBJC_IMPLICIT_RETAIN_SELF = YES;
				CLANG_WARN_OBJC_LITERAL_CONVERSION = YES;
				CLANG_WARN_OBJC_ROOT_CLASS = YES_ERROR;
				CLANG_WARN_QUOTED_INCLUDE_IN_FRAMEWORK_HEADER = YES;
				CLANG_WARN_RANGE_LOOP_ANALYSIS = YES;
				CLANG_WARN_STRICT_PROTOTYPES = YES;
				CLANG_WARN_SUSPICIOUS_MOVE = YES;
				CLANG_WARN_UNGUARDED_AVAILABILITY = YES_AGGRESSIVE;
				CLANG_WARN_UNREACHABLE_CODE = YES;
				CLANG_WARN__DUPLICATE_METHOD_MATCH = YES;
				COPY_PHASE_STRIP = NO;
				DEBUG_INFORMATION_FORMAT = "dwarf-with-dsym";
				DEVELOPMENT_TEAM = "$(DEVELOPMENT_TEAM)";
				ENABLE_NS_ASSERTIONS = NO;
				ENABLE_STRICT_OBJC_MSGSEND = YES;
				ENABLE_USER_SCRIPT_SANDBOXING = YES;
				GCC_C_LANGUAGE_STANDARD = gnu17;
				GCC_NO_COMMON_BLOCKS = YES;
				GCC_WARN_64_TO_32_BIT_CONVERSION = YES;
				GCC_WARN_ABOUT_RETURN_TYPE = YES_ERROR;
				GCC_WARN_UNDECLARED_SELECTOR = YES;
				GCC_WARN_UNINITIALIZED_AUTOS = YES_AGGRESSIVE;
				GCC_WARN_UNUSED_FUNCTION = YES;
				GCC_WARN_UNUSED_VARIABLE = YES;
				LOCALIZATION_PREFERS_STRING_CATALOGS = YES;
				MACOSX_DEPLOYMENT_TARGET = 15.5;
				MTL_ENABLE_DEBUG_INFO = NO;
				SDKROOT = macosx;
				SWIFT_COMPILATION_MODE = wholemodule;
			};
			name = Release;
		};
		271378152E52C7CA0048DEC7 /* Debug */ = {
			isa = XCBuildConfiguration;
			buildSettings = {
				ASSETCATALOG_COMPILER_APPICON_NAME = AppIcon;
				ASSETCATALOG_COMPILER_GLOBAL_ACCENT_COLOR_NAME = AccentColor;
				CODE_SIGN_ENTITLEMENTS = BitMatch/BitMatch.entitlements;
				CODE_SIGN_STYLE = Automatic;
				COMBINE_HIDPI_IMAGES = YES;
				CURRENT_PROJECT_VERSION = 1;
				DEVELOPMENT_TEAM = "$(DEVELOPMENT_TEAM)";
				ENABLE_HARDENED_RUNTIME = YES;
				ENABLE_PREVIEWS = YES;
				GENERATE_INFOPLIST_FILE = YES;
				INFOPLIST_KEY_NSHumanReadableCopyright = "";
				LD_RUNPATH_SEARCH_PATHS = (
					"$(inherited)",
					"@executable_path/../Frameworks",
				);
				MARKETING_VERSION = 1.0;
				PRODUCT_BUNDLE_IDENTIFIER = BitMatchApp.BitMatch;
				PRODUCT_NAME = "$(TARGET_NAME)";
				REGISTER_APP_GROUPS = YES;
				SWIFT_EMIT_LOC_STRINGS = YES;
				SWIFT_VERSION = 5.0;
			};
			name = Debug;
		};
		271378162E52C7CA0048DEC7 /* Release */ = {
			isa = XCBuildConfiguration;
			buildSettings = {
				ASSETCATALOG_COMPILER_APPICON_NAME = AppIcon;
				ASSETCATALOG_COMPILER_GLOBAL_ACCENT_COLOR_NAME = AccentColor;
				CODE_SIGN_ENTITLEMENTS = BitMatch/BitMatch.entitlements;
				CODE_SIGN_STYLE = Automatic;
				COMBINE_HIDPI_IMAGES = YES;
				CURRENT_PROJECT_VERSION = 1;
				DEVELOPMENT_TEAM = "$(DEVELOPMENT_TEAM)";
				ENABLE_HARDENED_RUNTIME = YES;
				ENABLE_PREVIEWS = YES;
				GENERATE_INFOPLIST_FILE = YES;
				INFOPLIST_KEY_NSHumanReadableCopyright = "";
				LD_RUNPATH_SEARCH_PATHS = (
					"$(inherited)",
					"@executable_path/../Frameworks",
				);
				MARKETING_VERSION = 1.0;
				PRODUCT_BUNDLE_IDENTIFIER = BitMatchApp.BitMatch;
				PRODUCT_NAME = "$(TARGET_NAME)";
				REGISTER_APP_GROUPS = YES;
				SWIFT_EMIT_LOC_STRINGS = YES;
				SWIFT_VERSION = 5.0;
			};
			name = Release;
		};
		271378182E52C7CA0048DEC7 /* Debug */ = {
			isa = XCBuildConfiguration;
			buildSettings = {
				BUNDLE_LOADER = "$(TEST_HOST)";
				CODE_SIGN_STYLE = Automatic;
				CURRENT_PROJECT_VERSION = 1;
				DEVELOPMENT_TEAM = "$(DEVELOPMENT_TEAM)";
				GENERATE_INFOPLIST_FILE = YES;
				MACOSX_DEPLOYMENT_TARGET = 15.5;
				MARKETING_VERSION = 1.0;
				PRODUCT_BUNDLE_IDENTIFIER = BitMatchApp.BitMatchTests;
				PRODUCT_NAME = "$(TARGET_NAME)";
				SWIFT_EMIT_LOC_STRINGS = NO;
				SWIFT_VERSION = 5.0;
				TEST_HOST = "$(BUILT_PRODUCTS_DIR)/BitMatch.app/$(BUNDLE_EXECUTABLE_FOLDER_PATH)/BitMatch";
			};
			name = Debug;
		};
		271378192E52C7CA0048DEC7 /* Release */ = {
			isa = XCBuildConfiguration;
			buildSettings = {
				BUNDLE_LOADER = "$(TEST_HOST)";
				CODE_SIGN_STYLE = Automatic;
				CURRENT_PROJECT_VERSION = 1;
				DEVELOPMENT_TEAM = "$(DEVELOPMENT_TEAM)";
				GENERATE_INFOPLIST_FILE = YES;
				MACOSX_DEPLOYMENT_TARGET = 15.5;
				MARKETING_VERSION = 1.0;
				PRODUCT_BUNDLE_IDENTIFIER = BitMatchApp.BitMatchTests;
				PRODUCT_NAME = "$(TARGET_NAME)";
				SWIFT_EMIT_LOC_STRINGS = NO;
				SWIFT_VERSION = 5.0;
				TEST_HOST = "$(BUILT_PRODUCTS_DIR)/BitMatch.app/$(BUNDLE_EXECUTABLE_FOLDER_PATH)/BitMatch";
			};
			name = Release;
		};
		2713781B2E52C7CA0048DEC7 /* Debug */ = {
			isa = XCBuildConfiguration;
			buildSettings = {
				CODE_SIGN_STYLE = Automatic;
				CURRENT_PROJECT_VERSION = 1;
				DEVELOPMENT_TEAM = "$(DEVELOPMENT_TEAM)";
				GENERATE_INFOPLIST_FILE = YES;
				MARKETING_VERSION = 1.0;
				PRODUCT_BUNDLE_IDENTIFIER = BitMatchApp.BitMatchUITests;
				PRODUCT_NAME = "$(TARGET_NAME)";
				SWIFT_EMIT_LOC_STRINGS = NO;
				SWIFT_VERSION = 5.0;
				TEST_TARGET_NAME = BitMatch;
			};
			name = Debug;
		};
		2713781C2E52C7CA0048DEC7 /* Release */ = {
			isa = XCBuildConfiguration;
			buildSettings = {
				CODE_SIGN_STYLE = Automatic;
				CURRENT_PROJECT_VERSION = 1;
				DEVELOPMENT_TEAM = "$(DEVELOPMENT_TEAM)";
				GENERATE_INFOPLIST_FILE = YES;
				MARKETING_VERSION = 1.0;
				PRODUCT_BUNDLE_IDENTIFIER = BitMatchApp.BitMatchUITests;
				PRODUCT_NAME = "$(TARGET_NAME)";
				SWIFT_EMIT_LOC_STRINGS = NO;
				SWIFT_VERSION = 5.0;
				TEST_TARGET_NAME = BitMatch;
			};
			name = Release;
		};
		27E11E7E2E6159A000BA16F6 /* Debug */ = {
			isa = XCBuildConfiguration;
			buildSettings = {
				ASSETCATALOG_COMPILER_APPICON_NAME = AppIcon;
				ASSETCATALOG_COMPILER_GLOBAL_ACCENT_COLOR_NAME = AccentColor;
				CODE_SIGN_STYLE = Automatic;
				CURRENT_PROJECT_VERSION = 1;
				DEVELOPMENT_TEAM = "$(DEVELOPMENT_TEAM)";
				ENABLE_PREVIEWS = YES;
				GENERATE_INFOPLIST_FILE = YES;
				INFOPLIST_KEY_BGTaskSchedulerPermittedIdentifiers = com.bitmatch.app.transferprocessing;
				INFOPLIST_KEY_NSSupportsLiveActivities = YES;
				INFOPLIST_KEY_NSSupportsLiveActivitiesFrequentUpdates = YES;
				INFOPLIST_KEY_UIApplicationSceneManifest_Generation = YES;
				INFOPLIST_KEY_UIApplicationSupportsIndirectInputEvents = YES;
				INFOPLIST_KEY_UILaunchScreen_Generation = YES;
				INFOPLIST_KEY_UISupportedInterfaceOrientations_iPad = "UIInterfaceOrientationPortrait UIInterfaceOrientationPortraitUpsideDown UIInterfaceOrientationLandscapeLeft UIInterfaceOrientationLandscapeRight";
				INFOPLIST_KEY_UISupportedInterfaceOrientations_iPhone = "UIInterfaceOrientationPortrait UIInterfaceOrientationLandscapeLeft UIInterfaceOrientationLandscapeRight";
				IPHONEOS_DEPLOYMENT_TARGET = 18.5;
				LD_RUNPATH_SEARCH_PATHS = (
					"$(inherited)",
					"@executable_path/Frameworks",
				);
				MARKETING_VERSION = 1.0;
				MTL_FAST_MATH = YES;
				PRODUCT_BUNDLE_IDENTIFIER = "BitMatchiOS.BitMatch-iPad";
				PRODUCT_NAME = "$(TARGET_NAME)";
				SDKROOT = iphoneos;
				SWIFT_EMIT_LOC_STRINGS = YES;
				SWIFT_VERSION = 5.0;
				TARGETED_DEVICE_FAMILY = "1,2";
			};
			name = Debug;
		};
		27E11E7F2E6159A000BA16F6 /* Release */ = {
			isa = XCBuildConfiguration;
			buildSettings = {
				ASSETCATALOG_COMPILER_APPICON_NAME = AppIcon;
				ASSETCATALOG_COMPILER_GLOBAL_ACCENT_COLOR_NAME = AccentColor;
				CODE_SIGN_STYLE = Automatic;
				CURRENT_PROJECT_VERSION = 1;
				DEVELOPMENT_TEAM = "$(DEVELOPMENT_TEAM)";
				ENABLE_PREVIEWS = YES;
				GENERATE_INFOPLIST_FILE = YES;
				INFOPLIST_KEY_BGTaskSchedulerPermittedIdentifiers = com.bitmatch.app.transferprocessing;
				INFOPLIST_KEY_NSSupportsLiveActivities = YES;
				INFOPLIST_KEY_NSSupportsLiveActivitiesFrequentUpdates = YES;
				INFOPLIST_KEY_UIApplicationSceneManifest_Generation = YES;
				INFOPLIST_KEY_UIApplicationSupportsIndirectInputEvents = YES;
				INFOPLIST_KEY_UILaunchScreen_Generation = YES;
				INFOPLIST_KEY_UISupportedInterfaceOrientations_iPad = "UIInterfaceOrientationPortrait UIInterfaceOrientationPortraitUpsideDown UIInterfaceOrientationLandscapeLeft UIInterfaceOrientationLandscapeRight";
				INFOPLIST_KEY_UISupportedInterfaceOrientations_iPhone = "UIInterfaceOrientationPortrait UIInterfaceOrientationLandscapeLeft UIInterfaceOrientationLandscapeRight";
				IPHONEOS_DEPLOYMENT_TARGET = 18.5;
				LD_RUNPATH_SEARCH_PATHS = (
					"$(inherited)",
					"@executable_path/Frameworks",
				);
				MARKETING_VERSION = 1.0;
				MTL_FAST_MATH = YES;
				PRODUCT_BUNDLE_IDENTIFIER = "BitMatchiOS.BitMatch-iPad";
				PRODUCT_NAME = "$(TARGET_NAME)";
				SDKROOT = iphoneos;
				SWIFT_EMIT_LOC_STRINGS = YES;
				SWIFT_VERSION = 5.0;
				TARGETED_DEVICE_FAMILY = "1,2";
				VALIDATE_PRODUCT = YES;
			};
			name = Release;
		};
		27E11E812E6159A000BA16F6 /* Debug */ = {
			isa = XCBuildConfiguration;
			buildSettings = {
				BUNDLE_LOADER = "$(TEST_HOST)";
				CODE_SIGN_STYLE = Automatic;
				CURRENT_PROJECT_VERSION = 1;
				DEVELOPMENT_TEAM = "$(DEVELOPMENT_TEAM)";
				GENERATE_INFOPLIST_FILE = YES;
				IPHONEOS_DEPLOYMENT_TARGET = 18.5;
				MARKETING_VERSION = 1.0;
				MTL_FAST_MATH = YES;
				PRODUCT_BUNDLE_IDENTIFIER = "BitMatchiOS.BitMatch-iPadTests";
				PRODUCT_NAME = "$(TARGET_NAME)";
				SDKROOT = iphoneos;
				SWIFT_EMIT_LOC_STRINGS = NO;
				SWIFT_VERSION = 5.0;
				TARGETED_DEVICE_FAMILY = "1,2";
				TEST_HOST = "$(BUILT_PRODUCTS_DIR)/BitMatch-iPad.app/$(BUNDLE_EXECUTABLE_FOLDER_PATH)/BitMatch-iPad";
			};
			name = Debug;
		};
		27E11E822E6159A000BA16F6 /* Release */ = {
			isa = XCBuildConfiguration;
			buildSettings = {
				BUNDLE_LOADER = "$(TEST_HOST)";
				CODE_SIGN_STYLE = Automatic;
				CURRENT_PROJECT_VERSION = 1;
				DEVELOPMENT_TEAM = "$(DEVELOPMENT_TEAM)";
				GENERATE_INFOPLIST_FILE = YES;
				IPHONEOS_DEPLOYMENT_TARGET = 18.5;
				MARKETING_VERSION = 1.0;
				MTL_FAST_MATH = YES;
				PRODUCT_BUNDLE_IDENTIFIER = "BitMatchiOS.BitMatch-iPadTests";
				PRODUCT_NAME = "$(TARGET_NAME)";
				SDKROOT = iphoneos;
				SWIFT_EMIT_LOC_STRINGS = NO;
				SWIFT_VERSION = 5.0;
				TARGETED_DEVICE_FAMILY = "1,2";
				TEST_HOST = "$(BUILT_PRODUCTS_DIR)/BitMatch-iPad.app/$(BUNDLE_EXECUTABLE_FOLDER_PATH)/BitMatch-iPad";
				VALIDATE_PRODUCT = YES;
			};
			name = Release;
		};
		27E11E842E6159A000BA16F6 /* Debug */ = {
			isa = XCBuildConfiguration;
			buildSettings = {
				CODE_SIGN_STYLE = Automatic;
				CURRENT_PROJECT_VERSION = 1;
				DEVELOPMENT_TEAM = "$(DEVELOPMENT_TEAM)";
				GENERATE_INFOPLIST_FILE = YES;
				IPHONEOS_DEPLOYMENT_TARGET = 18.5;
				MARKETING_VERSION = 1.0;
				MTL_FAST_MATH = YES;
				PRODUCT_BUNDLE_IDENTIFIER = "BitMatchiOS.BitMatch-iPadUITests";
				PRODUCT_NAME = "$(TARGET_NAME)";
				SDKROOT = iphoneos;
				SWIFT_EMIT_LOC_STRINGS = NO;
				SWIFT_VERSION = 5.0;
				TARGETED_DEVICE_FAMILY = "1,2";
				TEST_TARGET_NAME = "BitMatch-iPad";
			};
			name = Debug;
		};
		27E11E852E6159A000BA16F6 /* Release */ = {
			isa = XCBuildConfiguration;
			buildSettings = {
				CODE_SIGN_STYLE = Automatic;
				CURRENT_PROJECT_VERSION = 1;
				DEVELOPMENT_TEAM = "$(DEVELOPMENT_TEAM)";
				GENERATE_INFOPLIST_FILE = YES;
				IPHONEOS_DEPLOYMENT_TARGET = 18.5;
				MARKETING_VERSION = 1.0;
				MTL_FAST_MATH = YES;
				PRODUCT_BUNDLE_IDENTIFIER = "BitMatchiOS.BitMatch-iPadUITests";
				PRODUCT_NAME = "$(TARGET_NAME)";
				SDKROOT = iphoneos;
				SWIFT_EMIT_LOC_STRINGS = NO;
				SWIFT_VERSION = 5.0;
				TARGETED_DEVICE_FAMILY = "1,2";
				TEST_TARGET_NAME = "BitMatch-iPad";
				VALIDATE_PRODUCT = YES;
			};
			name = Release;
		};
/* End XCBuildConfiguration section */

/* Begin XCConfigurationList section */
		271377E82E52C7C80048DEC7 /* Build configuration list for PBXProject "BitMatch" */ = {
			isa = XCConfigurationList;
			buildConfigurations = (
				271378122E52C7CA0048DEC7 /* Debug */,
				271378132E52C7CA0048DEC7 /* Release */,
			);
			defaultConfigurationIsVisible = 0;
			defaultConfigurationName = Release;
		};
		271378142E52C7CA0048DEC7 /* Build configuration list for PBXNativeTarget "BitMatch" */ = {
			isa = XCConfigurationList;
			buildConfigurations = (
				271378152E52C7CA0048DEC7 /* Debug */,
				271378162E52C7CA0048DEC7 /* Release */,
			);
			defaultConfigurationIsVisible = 0;
			defaultConfigurationName = Release;
		};
		271378172E52C7CA0048DEC7 /* Build configuration list for PBXNativeTarget "BitMatchTests" */ = {
			isa = XCConfigurationList;
			buildConfigurations = (
				271378182E52C7CA0048DEC7 /* Debug */,
				271378192E52C7CA0048DEC7 /* Release */,
			);
			defaultConfigurationIsVisible = 0;
			defaultConfigurationName = Release;
		};
		2713781A2E52C7CA0048DEC7 /* Build configuration list for PBXNativeTarget "BitMatchUITests" */ = {
			isa = XCConfigurationList;
			buildConfigurations = (
				2713781B2E52C7CA0048DEC7 /* Debug */,
				2713781C2E52C7CA0048DEC7 /* Release */,
			);
			defaultConfigurationIsVisible = 0;
			defaultConfigurationName = Release;
		};
		27E11E7D2E6159A000BA16F6 /* Build configuration list for PBXNativeTarget "BitMatch-iPad" */ = {
			isa = XCConfigurationList;
			buildConfigurations = (
				27E11E7E2E6159A000BA16F6 /* Debug */,
				27E11E7F2E6159A000BA16F6 /* Release */,
			);
			defaultConfigurationIsVisible = 0;
			defaultConfigurationName = Release;
		};
		27E11E802E6159A000BA16F6 /* Build configuration list for PBXNativeTarget "BitMatch-iPadTests" */ = {
			isa = XCConfigurationList;
			buildConfigurations = (
				27E11E812E6159A000BA16F6 /* Debug */,
				27E11E822E6159A000BA16F6 /* Release */,
			);
			defaultConfigurationIsVisible = 0;
			defaultConfigurationName = Release;
		};
		27E11E832E6159A000BA16F6 /* Build configuration list for PBXNativeTarget "BitMatch-iPadUITests" */ = {
			isa = XCConfigurationList;
			buildConfigurations = (
				27E11E842E6159A000BA16F6 /* Debug */,
				27E11E852E6159A000BA16F6 /* Release */,
			);
			defaultConfigurationIsVisible = 0;
			defaultConfigurationName = Release;
		};
/* End XCConfigurationList section */
	};
	rootObject = 271377E52E52C7C80048DEC7 /* Project object */;
}
